
Microsoft Visual Studio Solution File, Format Version 12.00
# Visual Studio 15
VisualStudioVersion = 15.0.26730.12
MinimumVisualStudioVersion = 10.0.40219.1
Project("{FAE04EC0-301F-11D3-BF4B-00C04F79EFBC}") = "PsMonitorList.Android", "PsMonitorList\PsMonitorList.Android\PsMonitorList.Android.csproj", "{DE02AAEB-D780-4836-B187-5DAF71511452}"
EndProject
Project("{FAE04EC0-301F-11D3-BF4B-00C04F79EFBC}") = "PsMonitorList", "PsMonitorList\PsMonitorList\PsMonitorList.csproj", "{F085C5EC-A837-4649-A8D6-A7DAD226D846}"
EndProject
Project("{FAE04EC0-301F-11D3-BF4B-00C04F79EFBC}") = "PsMonitorList.UWP", "PsMonitorList\PsMonitorList.UWP\PsMonitorList.UWP.csproj", "{4F5601DC-18A6-4F9C-A13B-DE254CDBC68A}"
EndProject
Project("{FAE04EC0-301F-11D3-BF4B-00C04F79EFBC}") = "PsMonitorList.iOS", "PsMonitorList\PsMonitorList.iOS\PsMonitorList.iOS.csproj", "{11A460BC-598A-4161-820E-4C34FEF7A1FF}"
EndProject
Global
	GlobalSection(SolutionConfigurationPlatforms) = preSolution
		Ad-Hoc|Any CPU = Ad-Hoc|Any CPU
		Ad-Hoc|ARM = Ad-Hoc|ARM
		Ad-Hoc|iPhone = Ad-Hoc|iPhone
		Ad-Hoc|iPhoneSimulator = Ad-Hoc|iPhoneSimulator
		Ad-Hoc|x64 = Ad-Hoc|x64
		Ad-Hoc|x86 = Ad-Hoc|x86
		AppStore|Any CPU = AppStore|Any CPU
		AppStore|ARM = AppStore|ARM
		AppStore|iPhone = AppStore|iPhone
		AppStore|iPhoneSimulator = AppStore|iPhoneSimulator
		AppStore|x64 = AppStore|x64
		AppStore|x86 = AppStore|x86
		Debug|Any CPU = Debug|Any CPU
		Debug|ARM = Debug|ARM
		Debug|iPhone = Debug|iPhone
		Debug|iPhoneSimulator = Debug|iPhoneSimulator
		Debug|x64 = Debug|x64
		Debug|x86 = Debug|x86
		Release|Any CPU = Release|Any CPU
		Release|ARM = Release|ARM
		Release|iPhone = Release|iPhone
		Release|iPhoneSimulator = Release|iPhoneSimulator
		Release|x64 = Release|x64
		Release|x86 = Release|x86
	EndGlobalSection
	GlobalSection(ProjectConfigurationPlatforms) = postSolution
		{DE02AAEB-D780-4836-B187-5DAF71511452}.Ad-Hoc|Any CPU.ActiveCfg = Release|Any CPU
		{DE02AAEB-D780-4836-B187-5DAF71511452}.Ad-Hoc|Any CPU.Build.0 = Release|Any CPU
		{DE02AAEB-D780-4836-B187-5DAF71511452}.Ad-Hoc|Any CPU.Deploy.0 = Release|Any CPU
		{DE02AAEB-D780-4836-B187-5DAF71511452}.Ad-Hoc|ARM.ActiveCfg = Release|Any CPU
		{DE02AAEB-D780-4836-B187-5DAF71511452}.Ad-Hoc|ARM.Build.0 = Release|Any CPU
		{DE02AAEB-D780-4836-B187-5DAF71511452}.Ad-Hoc|ARM.Deploy.0 = Release|Any CPU
		{DE02AAEB-D780-4836-B187-5DAF71511452}.Ad-Hoc|iPhone.ActiveCfg = Release|Any CPU
		{DE02AAEB-D780-4836-B187-5DAF71511452}.Ad-Hoc|iPhone.Build.0 = Release|Any CPU
		{DE02AAEB-D780-4836-B187-5DAF71511452}.Ad-Hoc|iPhone.Deploy.0 = Release|Any CPU
		{DE02AAEB-D780-4836-B187-5DAF71511452}.Ad-Hoc|iPhoneSimulator.ActiveCfg = Release|Any CPU
		{DE02AAEB-D780-4836-B187-5DAF71511452}.Ad-Hoc|iPhoneSimulator.Build.0 = Release|Any CPU
		{DE02AAEB-D780-4836-B187-5DAF71511452}.Ad-Hoc|iPhoneSimulator.Deploy.0 = Release|Any CPU
		{DE02AAEB-D780-4836-B187-5DAF71511452}.Ad-Hoc|x64.ActiveCfg = Release|Any CPU
		{DE02AAEB-D780-4836-B187-5DAF71511452}.Ad-Hoc|x64.Build.0 = Release|Any CPU
		{DE02AAEB-D780-4836-B187-5DAF71511452}.Ad-Hoc|x64.Deploy.0 = Release|Any CPU
		{DE02AAEB-D780-4836-B187-5DAF71511452}.Ad-Hoc|x86.ActiveCfg = Release|Any CPU
		{DE02AAEB-D780-4836-B187-5DAF71511452}.Ad-Hoc|x86.Build.0 = Release|Any CPU
		{DE02AAEB-D780-4836-B187-5DAF71511452}.Ad-Hoc|x86.Deploy.0 = Release|Any CPU
		{DE02AAEB-D780-4836-B187-5DAF71511452}.AppStore|Any CPU.ActiveCfg = Release|Any CPU
		{DE02AAEB-D780-4836-B187-5DAF71511452}.AppStore|Any CPU.Build.0 = Release|Any CPU
		{DE02AAEB-D780-4836-B187-5DAF71511452}.AppStore|Any CPU.Deploy.0 = Release|Any CPU
		{DE02AAEB-D780-4836-B187-5DAF71511452}.AppStore|ARM.ActiveCfg = Release|Any CPU
		{DE02AAEB-D780-4836-B187-5DAF71511452}.AppStore|ARM.Build.0 = Release|Any CPU
		{DE02AAEB-D780-4836-B187-5DAF71511452}.AppStore|ARM.Deploy.0 = Release|Any CPU
		{DE02AAEB-D780-4836-B187-5DAF71511452}.AppStore|iPhone.ActiveCfg = Release|Any CPU
		{DE02AAEB-D780-4836-B187-5DAF71511452}.AppStore|iPhone.Build.0 = Release|Any CPU
		{DE02AAEB-D780-4836-B187-5DAF71511452}.AppStore|iPhone.Deploy.0 = Release|Any CPU
		{DE02AAEB-D780-4836-B187-5DAF71511452}.AppStore|iPhoneSimulator.ActiveCfg = Release|Any CPU
		{DE02AAEB-D780-4836-B187-5DAF71511452}.AppStore|iPhoneSimulator.Build.0 = Release|Any CPU
		{DE02AAEB-D780-4836-B187-5DAF71511452}.AppStore|iPhoneSimulator.Deploy.0 = Release|Any CPU
		{DE02AAEB-D780-4836-B187-5DAF71511452}.AppStore|x64.ActiveCfg = Release|Any CPU
		{DE02AAEB-D780-4836-B187-5DAF71511452}.AppStore|x64.Build.0 = Release|Any CPU
		{DE02AAEB-D780-4836-B187-5DAF71511452}.AppStore|x64.Deploy.0 = Release|Any CPU
		{DE02AAEB-D780-4836-B187-5DAF71511452}.AppStore|x86.ActiveCfg = Release|Any CPU
		{DE02AAEB-D780-4836-B187-5DAF71511452}.AppStore|x86.Build.0 = Release|Any CPU
		{DE02AAEB-D780-4836-B187-5DAF71511452}.AppStore|x86.Deploy.0 = Release|Any CPU
		{DE02AAEB-D780-4836-B187-5DAF71511452}.Debug|Any CPU.ActiveCfg = Debug|Any CPU
		{DE02AAEB-D780-4836-B187-5DAF71511452}.Debug|Any CPU.Build.0 = Debug|Any CPU
		{DE02AAEB-D780-4836-B187-5DAF71511452}.Debug|Any CPU.Deploy.0 = Debug|Any CPU
		{DE02AAEB-D780-4836-B187-5DAF71511452}.Debug|ARM.ActiveCfg = Debug|Any CPU
		{DE02AAEB-D780-4836-B187-5DAF71511452}.Debug|ARM.Build.0 = Debug|Any CPU
		{DE02AAEB-D780-4836-B187-5DAF71511452}.Debug|ARM.Deploy.0 = Debug|Any CPU
		{DE02AAEB-D780-4836-B187-5DAF71511452}.Debug|iPhone.ActiveCfg = Debug|Any CPU
		{DE02AAEB-D780-4836-B187-5DAF71511452}.Debug|iPhone.Build.0 = Debug|Any CPU
		{DE02AAEB-D780-4836-B187-5DAF71511452}.Debug|iPhone.Deploy.0 = Debug|Any CPU
		{DE02AAEB-D780-4836-B187-5DAF71511452}.Debug|iPhoneSimulator.ActiveCfg = Debug|Any CPU
		{DE02AAEB-D780-4836-B187-5DAF71511452}.Debug|iPhoneSimulator.Build.0 = Debug|Any CPU
		{DE02AAEB-D780-4836-B187-5DAF71511452}.Debug|iPhoneSimulator.Deploy.0 = Debug|Any CPU
		{DE02AAEB-D780-4836-B187-5DAF71511452}.Debug|x64.ActiveCfg = Debug|Any CPU
		{DE02AAEB-D780-4836-B187-5DAF71511452}.Debug|x64.Build.0 = Debug|Any CPU
		{DE02AAEB-D780-4836-B187-5DAF71511452}.Debug|x64.Deploy.0 = Debug|Any CPU
		{DE02AAEB-D780-4836-B187-5DAF71511452}.Debug|x86.ActiveCfg = Debug|Any CPU
		{DE02AAEB-D780-4836-B187-5DAF71511452}.Debug|x86.Build.0 = Debug|Any CPU
		{DE02AAEB-D780-4836-B187-5DAF71511452}.Debug|x86.Deploy.0 = Debug|Any CPU
		{DE02AAEB-D780-4836-B187-5DAF71511452}.Release|Any CPU.ActiveCfg = Release|Any CPU
		{DE02AAEB-D780-4836-B187-5DAF71511452}.Release|Any CPU.Build.0 = Release|Any CPU
		{DE02AAEB-D780-4836-B187-5DAF71511452}.Release|Any CPU.Deploy.0 = Release|Any CPU
		{DE02AAEB-D780-4836-B187-5DAF71511452}.Release|ARM.ActiveCfg = Release|Any CPU
		{DE02AAEB-D780-4836-B187-5DAF71511452}.Release|ARM.Build.0 = Release|Any CPU
		{DE02AAEB-D780-4836-B187-5DAF71511452}.Release|ARM.Deploy.0 = Release|Any CPU
		{DE02AAEB-D780-4836-B187-5DAF71511452}.Release|iPhone.ActiveCfg = Release|Any CPU
		{DE02AAEB-D780-4836-B187-5DAF71511452}.Release|iPhone.Build.0 = Release|Any CPU
		{DE02AAEB-D780-4836-B187-5DAF71511452}.Release|iPhone.Deploy.0 = Release|Any CPU
		{DE02AAEB-D780-4836-B187-5DAF71511452}.Release|iPhoneSimulator.ActiveCfg = Release|Any CPU
		{DE02AAEB-D780-4836-B187-5DAF71511452}.Release|iPhoneSimulator.Build.0 = Release|Any CPU
		{DE02AAEB-D780-4836-B187-5DAF71511452}.Release|iPhoneSimulator.Deploy.0 = Release|Any CPU
		{DE02AAEB-D780-4836-B187-5DAF71511452}.Release|x64.ActiveCfg = Release|Any CPU
		{DE02AAEB-D780-4836-B187-5DAF71511452}.Release|x64.Build.0 = Release|Any CPU
		{DE02AAEB-D780-4836-B187-5DAF71511452}.Release|x64.Deploy.0 = Release|Any CPU
		{DE02AAEB-D780-4836-B187-5DAF71511452}.Release|x86.ActiveCfg = Release|Any CPU
		{DE02AAEB-D780-4836-B187-5DAF71511452}.Release|x86.Build.0 = Release|Any CPU
		{DE02AAEB-D780-4836-B187-5DAF71511452}.Release|x86.Deploy.0 = Release|Any CPU
		{F085C5EC-A837-4649-A8D6-A7DAD226D846}.Ad-Hoc|Any CPU.ActiveCfg = Release|Any CPU
		{F085C5EC-A837-4649-A8D6-A7DAD226D846}.Ad-Hoc|Any CPU.Build.0 = Release|Any CPU
		{F085C5EC-A837-4649-A8D6-A7DAD226D846}.Ad-Hoc|ARM.ActiveCfg = Release|Any CPU
		{F085C5EC-A837-4649-A8D6-A7DAD226D846}.Ad-Hoc|ARM.Build.0 = Release|Any CPU
		{F085C5EC-A837-4649-A8D6-A7DAD226D846}.Ad-Hoc|iPhone.ActiveCfg = Release|Any CPU
		{F085C5EC-A837-4649-A8D6-A7DAD226D846}.Ad-Hoc|iPhone.Build.0 = Release|Any CPU
		{F085C5EC-A837-4649-A8D6-A7DAD226D846}.Ad-Hoc|iPhoneSimulator.ActiveCfg = Release|Any CPU
		{F085C5EC-A837-4649-A8D6-A7DAD226D846}.Ad-Hoc|iPhoneSimulator.Build.0 = Release|Any CPU
		{F085C5EC-A837-4649-A8D6-A7DAD226D846}.Ad-Hoc|x64.ActiveCfg = Release|Any CPU
		{F085C5EC-A837-4649-A8D6-A7DAD226D846}.Ad-Hoc|x64.Build.0 = Release|Any CPU
		{F085C5EC-A837-4649-A8D6-A7DAD226D846}.Ad-Hoc|x86.ActiveCfg = Release|Any CPU
		{F085C5EC-A837-4649-A8D6-A7DAD226D846}.Ad-Hoc|x86.Build.0 = Release|Any CPU
		{F085C5EC-A837-4649-A8D6-A7DAD226D846}.AppStore|Any CPU.ActiveCfg = Release|Any CPU
		{F085C5EC-A837-4649-A8D6-A7DAD226D846}.AppStore|Any CPU.Build.0 = Release|Any CPU
		{F085C5EC-A837-4649-A8D6-A7DAD226D846}.AppStore|ARM.ActiveCfg = Release|Any CPU
		{F085C5EC-A837-4649-A8D6-A7DAD226D846}.AppStore|ARM.Build.0 = Release|Any CPU
		{F085C5EC-A837-4649-A8D6-A7DAD226D846}.AppStore|iPhone.ActiveCfg = Release|Any CPU
		{F085C5EC-A837-4649-A8D6-A7DAD226D846}.AppStore|iPhone.Build.0 = Release|Any CPU
		{F085C5EC-A837-4649-A8D6-A7DAD226D846}.AppStore|iPhoneSimulator.ActiveCfg = Release|Any CPU
		{F085C5EC-A837-4649-A8D6-A7DAD226D846}.AppStore|iPhoneSimulator.Build.0 = Release|Any CPU
		{F085C5EC-A837-4649-A8D6-A7DAD226D846}.AppStore|x64.ActiveCfg = Release|Any CPU
		{F085C5EC-A837-4649-A8D6-A7DAD226D846}.AppStore|x64.Build.0 = Release|Any CPU
		{F085C5EC-A837-4649-A8D6-A7DAD226D846}.AppStore|x86.ActiveCfg = Release|Any CPU
		{F085C5EC-A837-4649-A8D6-A7DAD226D846}.AppStore|x86.Build.0 = Release|Any CPU
		{F085C5EC-A837-4649-A8D6-A7DAD226D846}.Debug|Any CPU.ActiveCfg = Debug|Any CPU
		{F085C5EC-A837-4649-A8D6-A7DAD226D846}.Debug|Any CPU.Build.0 = Debug|Any CPU
		{F085C5EC-A837-4649-A8D6-A7DAD226D846}.Debug|ARM.ActiveCfg = Debug|Any CPU
		{F085C5EC-A837-4649-A8D6-A7DAD226D846}.Debug|ARM.Build.0 = Debug|Any CPU
		{F085C5EC-A837-4649-A8D6-A7DAD226D846}.Debug|iPhone.ActiveCfg = Debug|Any CPU
		{F085C5EC-A837-4649-A8D6-A7DAD226D846}.Debug|iPhone.Build.0 = Debug|Any CPU
		{F085C5EC-A837-4649-A8D6-A7DAD226D846}.Debug|iPhoneSimulator.ActiveCfg = Debug|Any CPU
		{F085C5EC-A837-4649-A8D6-A7DAD226D846}.Debug|iPhoneSimulator.Build.0 = Debug|Any CPU
		{F085C5EC-A837-4649-A8D6-A7DAD226D846}.Debug|x64.ActiveCfg = Debug|Any CPU
		{F085C5EC-A837-4649-A8D6-A7DAD226D846}.Debug|x64.Build.0 = Debug|Any CPU
		{F085C5EC-A837-4649-A8D6-A7DAD226D846}.Debug|x86.ActiveCfg = Debug|Any CPU
		{F085C5EC-A837-4649-A8D6-A7DAD226D846}.Debug|x86.Build.0 = Debug|Any CPU
		{F085C5EC-A837-4649-A8D6-A7DAD226D846}.Release|Any CPU.ActiveCfg = Release|Any CPU
		{F085C5EC-A837-4649-A8D6-A7DAD226D846}.Release|Any CPU.Build.0 = Release|Any CPU
		{F085C5EC-A837-4649-A8D6-A7DAD226D846}.Release|ARM.ActiveCfg = Release|Any CPU
		{F085C5EC-A837-4649-A8D6-A7DAD226D846}.Release|ARM.Build.0 = Release|Any CPU
		{F085C5EC-A837-4649-A8D6-A7DAD226D846}.Release|iPhone.ActiveCfg = Release|Any CPU
		{F085C5EC-A837-4649-A8D6-A7DAD226D846}.Release|iPhone.Build.0 = Release|Any CPU
		{F085C5EC-A837-4649-A8D6-A7DAD226D846}.Release|iPhoneSimulator.ActiveCfg = Release|Any CPU
		{F085C5EC-A837-4649-A8D6-A7DAD226D846}.Release|iPhoneSimulator.Build.0 = Release|Any CPU
		{F085C5EC-A837-4649-A8D6-A7DAD226D846}.Release|x64.ActiveCfg = Release|Any CPU
		{F085C5EC-A837-4649-A8D6-A7DAD226D846}.Release|x64.Build.0 = Release|Any CPU
		{F085C5EC-A837-4649-A8D6-A7DAD226D846}.Release|x86.ActiveCfg = Release|Any CPU
		{F085C5EC-A837-4649-A8D6-A7DAD226D846}.Release|x86.Build.0 = Release|Any CPU
		{4F5601DC-18A6-4F9C-A13B-DE254CDBC68A}.Ad-Hoc|Any CPU.ActiveCfg = Release|x86
		{4F5601DC-18A6-4F9C-A13B-DE254CDBC68A}.Ad-Hoc|Any CPU.Build.0 = Release|x86
		{4F5601DC-18A6-4F9C-A13B-DE254CDBC68A}.Ad-Hoc|Any CPU.Deploy.0 = Release|x86
		{4F5601DC-18A6-4F9C-A13B-DE254CDBC68A}.Ad-Hoc|ARM.ActiveCfg = Release|ARM
		{4F5601DC-18A6-4F9C-A13B-DE254CDBC68A}.Ad-Hoc|ARM.Build.0 = Release|ARM
		{4F5601DC-18A6-4F9C-A13B-DE254CDBC68A}.Ad-Hoc|ARM.Deploy.0 = Release|ARM
		{4F5601DC-18A6-4F9C-A13B-DE254CDBC68A}.Ad-Hoc|iPhone.ActiveCfg = Release|x86
		{4F5601DC-18A6-4F9C-A13B-DE254CDBC68A}.Ad-Hoc|iPhone.Build.0 = Release|x86
		{4F5601DC-18A6-4F9C-A13B-DE254CDBC68A}.Ad-Hoc|iPhone.Deploy.0 = Release|x86
		{4F5601DC-18A6-4F9C-A13B-DE254CDBC68A}.Ad-Hoc|iPhoneSimulator.ActiveCfg = Release|x86
		{4F5601DC-18A6-4F9C-A13B-DE254CDBC68A}.Ad-Hoc|iPhoneSimulator.Build.0 = Release|x86
		{4F5601DC-18A6-4F9C-A13B-DE254CDBC68A}.Ad-Hoc|iPhoneSimulator.Deploy.0 = Release|x86
		{4F5601DC-18A6-4F9C-A13B-DE254CDBC68A}.Ad-Hoc|x64.ActiveCfg = Release|x64
		{4F5601DC-18A6-4F9C-A13B-DE254CDBC68A}.Ad-Hoc|x64.Build.0 = Release|x64
		{4F5601DC-18A6-4F9C-A13B-DE254CDBC68A}.Ad-Hoc|x64.Deploy.0 = Release|x64
		{4F5601DC-18A6-4F9C-A13B-DE254CDBC68A}.Ad-Hoc|x86.ActiveCfg = Release|x86
		{4F5601DC-18A6-4F9C-A13B-DE254CDBC68A}.Ad-Hoc|x86.Build.0 = Release|x86
		{4F5601DC-18A6-4F9C-A13B-DE254CDBC68A}.Ad-Hoc|x86.Deploy.0 = Release|x86
		{4F5601DC-18A6-4F9C-A13B-DE254CDBC68A}.AppStore|Any CPU.ActiveCfg = Release|x86
		{4F5601DC-18A6-4F9C-A13B-DE254CDBC68A}.AppStore|Any CPU.Build.0 = Release|x86
		{4F5601DC-18A6-4F9C-A13B-DE254CDBC68A}.AppStore|Any CPU.Deploy.0 = Release|x86
		{4F5601DC-18A6-4F9C-A13B-DE254CDBC68A}.AppStore|ARM.ActiveCfg = Release|ARM
		{4F5601DC-18A6-4F9C-A13B-DE254CDBC68A}.AppStore|ARM.Build.0 = Release|ARM
		{4F5601DC-18A6-4F9C-A13B-DE254CDBC68A}.AppStore|ARM.Deploy.0 = Release|ARM
		{4F5601DC-18A6-4F9C-A13B-DE254CDBC68A}.AppStore|iPhone.ActiveCfg = Release|x86
		{4F5601DC-18A6-4F9C-A13B-DE254CDBC68A}.AppStore|iPhone.Build.0 = Release|x86
		{4F5601DC-18A6-4F9C-A13B-DE254CDBC68A}.AppStore|iPhone.Deploy.0 = Release|x86
		{4F5601DC-18A6-4F9C-A13B-DE254CDBC68A}.AppStore|iPhoneSimulator.ActiveCfg = Release|x86
		{4F5601DC-18A6-4F9C-A13B-DE254CDBC68A}.AppStore|iPhoneSimulator.Build.0 = Release|x86
		{4F5601DC-18A6-4F9C-A13B-DE254CDBC68A}.AppStore|iPhoneSimulator.Deploy.0 = Release|x86
		{4F5601DC-18A6-4F9C-A13B-DE254CDBC68A}.AppStore|x64.ActiveCfg = Release|x64
		{4F5601DC-18A6-4F9C-A13B-DE254CDBC68A}.AppStore|x64.Build.0 = Release|x64
		{4F5601DC-18A6-4F9C-A13B-DE254CDBC68A}.AppStore|x64.Deploy.0 = Release|x64
		{4F5601DC-18A6-4F9C-A13B-DE254CDBC68A}.AppStore|x86.ActiveCfg = Release|x86
		{4F5601DC-18A6-4F9C-A13B-DE254CDBC68A}.AppStore|x86.Build.0 = Release|x86
		{4F5601DC-18A6-4F9C-A13B-DE254CDBC68A}.AppStore|x86.Deploy.0 = Release|x86
		{4F5601DC-18A6-4F9C-A13B-DE254CDBC68A}.Debug|Any CPU.ActiveCfg = Debug|x86
		{4F5601DC-18A6-4F9C-A13B-DE254CDBC68A}.Debug|ARM.ActiveCfg = Debug|ARM
		{4F5601DC-18A6-4F9C-A13B-DE254CDBC68A}.Debug|ARM.Build.0 = Debug|ARM
		{4F5601DC-18A6-4F9C-A13B-DE254CDBC68A}.Debug|ARM.Deploy.0 = Debug|ARM
		{4F5601DC-18A6-4F9C-A13B-DE254CDBC68A}.Debug|iPhone.ActiveCfg = Debug|x86
		{4F5601DC-18A6-4F9C-A13B-DE254CDBC68A}.Debug|iPhoneSimulator.ActiveCfg = Debug|x86
		{4F5601DC-18A6-4F9C-A13B-DE254CDBC68A}.Debug|x64.ActiveCfg = Debug|x64
		{4F5601DC-18A6-4F9C-A13B-DE254CDBC68A}.Debug|x64.Build.0 = Debug|x64
		{4F5601DC-18A6-4F9C-A13B-DE254CDBC68A}.Debug|x64.Deploy.0 = Debug|x64
		{4F5601DC-18A6-4F9C-A13B-DE254CDBC68A}.Debug|x86.ActiveCfg = Debug|x86
		{4F5601DC-18A6-4F9C-A13B-DE254CDBC68A}.Debug|x86.Build.0 = Debug|x86
		{4F5601DC-18A6-4F9C-A13B-DE254CDBC68A}.Debug|x86.Deploy.0 = Debug|x86
		{4F5601DC-18A6-4F9C-A13B-DE254CDBC68A}.Release|Any CPU.ActiveCfg = Release|x86
		{4F5601DC-18A6-4F9C-A13B-DE254CDBC68A}.Release|ARM.ActiveCfg = Release|ARM
		{4F5601DC-18A6-4F9C-A13B-DE254CDBC68A}.Release|ARM.Build.0 = Release|ARM
		{4F5601DC-18A6-4F9C-A13B-DE254CDBC68A}.Release|ARM.Deploy.0 = Release|ARM
		{4F5601DC-18A6-4F9C-A13B-DE254CDBC68A}.Release|iPhone.ActiveCfg = Release|x86
		{4F5601DC-18A6-4F9C-A13B-DE254CDBC68A}.Release|iPhoneSimulator.ActiveCfg = Release|x86
		{4F5601DC-18A6-4F9C-A13B-DE254CDBC68A}.Release|x64.ActiveCfg = Release|x64
		{4F5601DC-18A6-4F9C-A13B-DE254CDBC68A}.Release|x64.Build.0 = Release|x64
		{4F5601DC-18A6-4F9C-A13B-DE254CDBC68A}.Release|x64.Deploy.0 = Release|x64
		{4F5601DC-18A6-4F9C-A13B-DE254CDBC68A}.Release|x86.ActiveCfg = Release|x86
		{4F5601DC-18A6-4F9C-A13B-DE254CDBC68A}.Release|x86.Build.0 = Release|x86
		{4F5601DC-18A6-4F9C-A13B-DE254CDBC68A}.Release|x86.Deploy.0 = Release|x86
		{11A460BC-598A-4161-820E-4C34FEF7A1FF}.Ad-Hoc|Any CPU.ActiveCfg = Ad-Hoc|iPhone
		{11A460BC-598A-4161-820E-4C34FEF7A1FF}.Ad-Hoc|ARM.ActiveCfg = Ad-Hoc|iPhone
		{11A460BC-598A-4161-820E-4C34FEF7A1FF}.Ad-Hoc|iPhone.ActiveCfg = Ad-Hoc|iPhone
		{11A460BC-598A-4161-820E-4C34FEF7A1FF}.Ad-Hoc|iPhone.Build.0 = Ad-Hoc|iPhone
		{11A460BC-598A-4161-820E-4C34FEF7A1FF}.Ad-Hoc|iPhoneSimulator.ActiveCfg = Ad-Hoc|iPhoneSimulator
		{11A460BC-598A-4161-820E-4C34FEF7A1FF}.Ad-Hoc|iPhoneSimulator.Build.0 = Ad-Hoc|iPhoneSimulator
		{11A460BC-598A-4161-820E-4C34FEF7A1FF}.Ad-Hoc|x64.ActiveCfg = Ad-Hoc|iPhone
		{11A460BC-598A-4161-820E-4C34FEF7A1FF}.Ad-Hoc|x86.ActiveCfg = Ad-Hoc|iPhone
		{11A460BC-598A-4161-820E-4C34FEF7A1FF}.AppStore|Any CPU.ActiveCfg = AppStore|iPhone
		{11A460BC-598A-4161-820E-4C34FEF7A1FF}.AppStore|ARM.ActiveCfg = AppStore|iPhone
		{11A460BC-598A-4161-820E-4C34FEF7A1FF}.AppStore|iPhone.ActiveCfg = AppStore|iPhone
		{11A460BC-598A-4161-820E-4C34FEF7A1FF}.AppStore|iPhone.Build.0 = AppStore|iPhone
		{11A460BC-598A-4161-820E-4C34FEF7A1FF}.AppStore|iPhoneSimulator.ActiveCfg = AppStore|iPhoneSimulator
		{11A460BC-598A-4161-820E-4C34FEF7A1FF}.AppStore|iPhoneSimulator.Build.0 = AppStore|iPhoneSimulator
		{11A460BC-598A-4161-820E-4C34FEF7A1FF}.AppStore|x64.ActiveCfg = AppStore|iPhone
		{11A460BC-598A-4161-820E-4C34FEF7A1FF}.AppStore|x86.ActiveCfg = AppStore|iPhone
		{11A460BC-598A-4161-820E-4C34FEF7A1FF}.Debug|Any CPU.ActiveCfg = Debug|iPhone
		{11A460BC-598A-4161-820E-4C34FEF7A1FF}.Debug|ARM.ActiveCfg = Debug|iPhone
		{11A460BC-598A-4161-820E-4C34FEF7A1FF}.Debug|iPhone.ActiveCfg = Debug|iPhone
		{11A460BC-598A-4161-820E-4C34FEF7A1FF}.Debug|iPhone.Build.0 = Debug|iPhone
		{11A460BC-598A-4161-820E-4C34FEF7A1FF}.Debug|iPhoneSimulator.ActiveCfg = Debug|iPhoneSimulator
		{11A460BC-598A-4161-820E-4C34FEF7A1FF}.Debug|iPhoneSimulator.Build.0 = Debug|iPhoneSimulator
		{11A460BC-598A-4161-820E-4C34FEF7A1FF}.Debug|x64.ActiveCfg = Debug|iPhone
		{11A460BC-598A-4161-820E-4C34FEF7A1FF}.Debug|x86.ActiveCfg = Debug|iPhone
		{11A460BC-598A-4161-820E-4C34FEF7A1FF}.Release|Any CPU.ActiveCfg = Release|iPhone
		{11A460BC-598A-4161-820E-4C34FEF7A1FF}.Release|ARM.ActiveCfg = Release|iPhone
		{11A460BC-598A-4161-820E-4C34FEF7A1FF}.Release|iPhone.ActiveCfg = Release|iPhone
		{11A460BC-598A-4161-820E-4C34FEF7A1FF}.Release|iPhone.Build.0 = Release|iPhone
		{11A460BC-598A-4161-820E-4C34FEF7A1FF}.Release|iPhoneSimulator.ActiveCfg = Release|iPhoneSimulator
		{11A460BC-598A-4161-820E-4C34FEF7A1FF}.Release|iPhoneSimulator.Build.0 = Release|iPhoneSimulator
		{11A460BC-598A-4161-820E-4C34FEF7A1FF}.Release|x64.ActiveCfg = Release|iPhone
		{11A460BC-598A-4161-820E-4C34FEF7A1FF}.Release|x86.ActiveCfg = Release|iPhone
	EndGlobalSection
	GlobalSection(SolutionProperties) = preSolution
		HideSolutionNode = FALSE
	EndGlobalSection
	GlobalSection(ExtensibilityGlobals) = postSolution
		SolutionGuid = {F330F1CE-99A5-4263-92B4-E0AA60D3EEE1}
	EndGlobalSection
EndGlobal
